// !$*UTF8*$!
{
	archiveVersion = 1;
	classes = {
	};
	objectVersion = 50;
	objects = {

/* Begin PBXBuildFile section */
		B60CC045236CA744007894A0 /* AppDelegate.swift in Sources */ = {isa = PBXBuildFile; fileRef = B60CC044236CA744007894A0 /* AppDelegate.swift */; };
		B60CC047236CA744007894A0 /* SceneDelegate.swift in Sources */ = {isa = PBXBuildFile; fileRef = B60CC046236CA744007894A0 /* SceneDelegate.swift */; };
		B60CC04C236CA744007894A0 /* Main.storyboard in Resources */ = {isa = PBXBuildFile; fileRef = B60CC04A236CA744007894A0 /* Main.storyboard */; };
		B60CC04E236CA745007894A0 /* Assets.xcassets in Resources */ = {isa = PBXBuildFile; fileRef = B60CC04D236CA745007894A0 /* Assets.xcassets */; };
		B60CC051236CA745007894A0 /* LaunchScreen.storyboard in Resources */ = {isa = PBXBuildFile; fileRef = B60CC04F236CA745007894A0 /* LaunchScreen.storyboard */; };
		B60CC05A236CA7C1007894A0 /* MoneyViewController.swift in Sources */ = {isa = PBXBuildFile; fileRef = B60CC059236CA7C1007894A0 /* MoneyViewController.swift */; };
		B60CC060236CA8A9007894A0 /* TranslateViewController.swift in Sources */ = {isa = PBXBuildFile; fileRef = B60CC05F236CA8A9007894A0 /* TranslateViewController.swift */; };
		B60CC062236CA912007894A0 /* MeteoViewController.swift in Sources */ = {isa = PBXBuildFile; fileRef = B60CC061236CA912007894A0 /* MeteoViewController.swift */; };
		B60CC064236CA9AC007894A0 /* Translate.swift in Sources */ = {isa = PBXBuildFile; fileRef = B60CC063236CA9AC007894A0 /* Translate.swift */; };
		B60CC066236CA9C2007894A0 /* MeteoApi.swift in Sources */ = {isa = PBXBuildFile; fileRef = B60CC065236CA9C2007894A0 /* MeteoApi.swift */; };
		B60CC068236CA9E1007894A0 /* MoneyConvert.swift in Sources */ = {isa = PBXBuildFile; fileRef = B60CC067236CA9E1007894A0 /* MoneyConvert.swift */; };
/* End PBXBuildFile section */

/* Begin PBXFileReference section */
		B60CC041236CA744007894A0 /* Le baluchon.app */ = {isa = PBXFileReference; explicitFileType = wrapper.application; includeInIndex = 0; path = "Le baluchon.app"; sourceTree = BUILT_PRODUCTS_DIR; };
		B60CC044236CA744007894A0 /* AppDelegate.swift */ = {isa = PBXFileReference; lastKnownFileType = sourcecode.swift; path = AppDelegate.swift; sourceTree = "<group>"; };
		B60CC046236CA744007894A0 /* SceneDelegate.swift */ = {isa = PBXFileReference; lastKnownFileType = sourcecode.swift; path = SceneDelegate.swift; sourceTree = "<group>"; };
		B60CC04B236CA744007894A0 /* Base */ = {isa = PBXFileReference; lastKnownFileType = file.storyboard; name = Base; path = Base.lproj/Main.storyboard; sourceTree = "<group>"; };
		B60CC04D236CA745007894A0 /* Assets.xcassets */ = {isa = PBXFileReference; lastKnownFileType = folder.assetcatalog; path = Assets.xcassets; sourceTree = "<group>"; };
		B60CC050236CA745007894A0 /* Base */ = {isa = PBXFileReference; lastKnownFileType = file.storyboard; name = Base; path = Base.lproj/LaunchScreen.storyboard; sourceTree = "<group>"; };
		B60CC052236CA745007894A0 /* Info.plist */ = {isa = PBXFileReference; lastKnownFileType = text.plist.xml; path = Info.plist; sourceTree = "<group>"; };
		B60CC059236CA7C1007894A0 /* MoneyViewController.swift */ = {isa = PBXFileReference; lastKnownFileType = sourcecode.swift; path = MoneyViewController.swift; sourceTree = "<group>"; };
		B60CC05F236CA8A9007894A0 /* TranslateViewController.swift */ = {isa = PBXFileReference; lastKnownFileType = sourcecode.swift; path = TranslateViewController.swift; sourceTree = "<group>"; };
		B60CC061236CA912007894A0 /* MeteoViewController.swift */ = {isa = PBXFileReference; lastKnownFileType = sourcecode.swift; path = MeteoViewController.swift; sourceTree = "<group>"; };
		B60CC063236CA9AC007894A0 /* Translate.swift */ = {isa = PBXFileReference; lastKnownFileType = sourcecode.swift; path = Translate.swift; sourceTree = "<group>"; };
		B60CC065236CA9C2007894A0 /* MeteoApi.swift */ = {isa = PBXFileReference; lastKnownFileType = sourcecode.swift; path = MeteoApi.swift; sourceTree = "<group>"; };
		B60CC067236CA9E1007894A0 /* MoneyConvert.swift */ = {isa = PBXFileReference; lastKnownFileType = sourcecode.swift; path = MoneyConvert.swift; sourceTree = "<group>"; };
/* End PBXFileReference section */

/* Begin PBXFrameworksBuildPhase section */
		B60CC03E236CA744007894A0 /* Frameworks */ = {
			isa = PBXFrameworksBuildPhase;
			buildActionMask = 2147483647;
			files = (
			);
			runOnlyForDeploymentPostprocessing = 0;
		};
/* End PBXFrameworksBuildPhase section */

/* Begin PBXGroup section */
		B60CC038236CA744007894A0 = {
			isa = PBXGroup;
			children = (
				B60CC043236CA744007894A0 /* Le baluchon */,
				B60CC042236CA744007894A0 /* Products */,
			);
			sourceTree = "<group>";
		};
		B60CC042236CA744007894A0 /* Products */ = {
			isa = PBXGroup;
			children = (
				B60CC041236CA744007894A0 /* Le baluchon.app */,
			);
			name = Products;
			sourceTree = "<group>";
		};
		B60CC043236CA744007894A0 /* Le baluchon */ = {
			isa = PBXGroup;
			children = (
				B60CC05E236CA853007894A0 /* Supporting Files */,
				B60CC05D236CA844007894A0 /* Modele */,
				B60CC05B236CA82E007894A0 /* View */,
				B60CC058236CA7A8007894A0 /* Controller */,
				B60CC052236CA745007894A0 /* Info.plist */,
			);
			path = "Le baluchon";
			sourceTree = "<group>";
		};
		B60CC058236CA7A8007894A0 /* Controller */ = {
			isa = PBXGroup;
			children = (
				B60CC059236CA7C1007894A0 /* MoneyViewController.swift */,
				B60CC05F236CA8A9007894A0 /* TranslateViewController.swift */,
				B60CC061236CA912007894A0 /* MeteoViewController.swift */,
			);
			path = Controller;
			sourceTree = "<group>";
		};
		B60CC05B236CA82E007894A0 /* View */ = {
			isa = PBXGroup;
			children = (
				B60CC04F236CA745007894A0 /* LaunchScreen.storyboard */,
				B60CC04A236CA744007894A0 /* Main.storyboard */,
			);
			path = View;
			sourceTree = "<group>";
		};
		B60CC05D236CA844007894A0 /* Modele */ = {
			isa = PBXGroup;
			children = (
				B60CC063236CA9AC007894A0 /* Translate.swift */,
				B60CC065236CA9C2007894A0 /* MeteoApi.swift */,
				B60CC067236CA9E1007894A0 /* MoneyConvert.swift */,
			);
			path = Modele;
			sourceTree = "<group>";
		};
		B60CC05E236CA853007894A0 /* Supporting Files */ = {
			isa = PBXGroup;
			children = (
				B60CC046236CA744007894A0 /* SceneDelegate.swift */,
				B60CC044236CA744007894A0 /* AppDelegate.swift */,
				B60CC04D236CA745007894A0 /* Assets.xcassets */,
			);
			path = "Supporting Files";
			sourceTree = "<group>";
		};
/* End PBXGroup section */

/* Begin PBXNativeTarget section */
		B60CC040236CA744007894A0 /* Le baluchon */ = {
			isa = PBXNativeTarget;
			buildConfigurationList = B60CC055236CA745007894A0 /* Build configuration list for PBXNativeTarget "Le baluchon" */;
			buildPhases = (
				B60CC03D236CA744007894A0 /* Sources */,
				B60CC03E236CA744007894A0 /* Frameworks */,
				B60CC03F236CA744007894A0 /* Resources */,
			);
			buildRules = (
			);
			dependencies = (
			);
			name = "Le baluchon";
			productName = "Le baluchon";
			productReference = B60CC041236CA744007894A0 /* Le baluchon.app */;
			productType = "com.apple.product-type.application";
		};
/* End PBXNativeTarget section */

/* Begin PBXProject section */
		B60CC039236CA744007894A0 /* Project object */ = {
			isa = PBXProject;
			attributes = {
				LastSwiftUpdateCheck = 1120;
				LastUpgradeCheck = 1120;
				ORGANIZATIONNAME = "Frederick Port";
				TargetAttributes = {
					B60CC040236CA744007894A0 = {
						CreatedOnToolsVersion = 11.2;
					};
				};
			};
			buildConfigurationList = B60CC03C236CA744007894A0 /* Build configuration list for PBXProject "Le baluchon" */;
			compatibilityVersion = "Xcode 9.3";
			developmentRegion = en;
			hasScannedForEncodings = 0;
			knownRegions = (
				en,
				Base,
			);
			mainGroup = B60CC038236CA744007894A0;
			productRefGroup = B60CC042236CA744007894A0 /* Products */;
			projectDirPath = "";
			projectRoot = "";
			targets = (
				B60CC040236CA744007894A0 /* Le baluchon */,
			);
		};
/* End PBXProject section */

/* Begin PBXResourcesBuildPhase section */
		B60CC03F236CA744007894A0 /* Resources */ = {
			isa = PBXResourcesBuildPhase;
			buildActionMask = 2147483647;
			files = (
				B60CC051236CA745007894A0 /* LaunchScreen.storyboard in Resources */,
				B60CC04E236CA745007894A0 /* Assets.xcassets in Resources */,
				B60CC04C236CA744007894A0 /* Main.storyboard in Resources */,
			);
			runOnlyForDeploymentPostprocessing = 0;
		};
/* End PBXResourcesBuildPhase section */

/* Begin PBXSourcesBuildPhase section */
		B60CC03D236CA744007894A0 /* Sources */ = {
			isa = PBXSourcesBuildPhase;
			buildActionMask = 2147483647;
			files = (
				B60CC062236CA912007894A0 /* MeteoViewController.swift in Sources */,
				B60CC05A236CA7C1007894A0 /* MoneyViewController.swift in Sources */,
				B60CC064236CA9AC007894A0 /* Translate.swift in Sources */,
				B60CC060236CA8A9007894A0 /* TranslateViewController.swift in Sources */,
				B60CC045236CA744007894A0 /* AppDelegate.swift in Sources */,
				B60CC047236CA744007894A0 /* SceneDelegate.swift in Sources */,
				B60CC068236CA9E1007894A0 /* MoneyConvert.swift in Sources */,
				B60CC066236CA9C2007894A0 /* MeteoApi.swift in Sources */,
			);
			runOnlyForDeploymentPostprocessing = 0;
		};
/* End PBXSourcesBuildPhase section */

/* Begin PBXVariantGroup section */
		B60CC04A236CA744007894A0 /* Main.storyboard */ = {
			isa = PBXVariantGroup;
			children = (
				B60CC04B236CA744007894A0 /* Base */,
			);
			name = Main.storyboard;
			sourceTree = "<group>";
		};
		B60CC04F236CA745007894A0 /* LaunchScreen.storyboard */ = {
			isa = PBXVariantGroup;
			children = (
				B60CC050236CA745007894A0 /* Base */,
			);
			name = LaunchScreen.storyboard;
			sourceTree = "<group>";
		};
/* End PBXVariantGroup section */

/* Begin XCBuildConfiguration section */
		B60CC053236CA745007894A0 /* Debug */ = {
			isa = XCBuildConfiguration;
			buildSettings = {
				ALWAYS_SEARCH_USER_PATHS = NO;
				CLANG_ANALYZER_NONNULL = YES;
				CLANG_ANALYZER_NUMBER_OBJECT_CONVERSION = YES_AGGRESSIVE;
				CLANG_CXX_LANGUAGE_STANDARD = "gnu++14";
				CLANG_CXX_LIBRARY = "libc++";
				CLANG_ENABLE_MODULES = YES;
				CLANG_ENABLE_OBJC_ARC = YES;
				CLANG_ENABLE_OBJC_WEAK = YES;
				CLANG_WARN_BLOCK_CAPTURE_AUTORELEASING = YES;
				CLANG_WARN_BOOL_CONVERSION = YES;
				CLANG_WARN_COMMA = YES;
				CLANG_WARN_CONSTANT_CONVERSION = YES;
				CLANG_WARN_DEPRECATED_OBJC_IMPLEMENTATIONS = YES;
				CLANG_WARN_DIRECT_OBJC_ISA_USAGE = YES_ERROR;
				CLANG_WARN_DOCUMENTATION_COMMENTS = YES;
				CLANG_WARN_EMPTY_BODY = YES;
				CLANG_WARN_ENUM_CONVERSION = YES;
				CLANG_WARN_INFINITE_RECURSION = YES;
				CLANG_WARN_INT_CONVERSION = YES;
				CLANG_WARN_NON_LITERAL_NULL_CONVERSION = YES;
				CLANG_WARN_OBJC_IMPLICIT_RETAIN_SELF = YES;
				CLANG_WARN_OBJC_LITERAL_CONVERSION = YES;
				CLANG_WARN_OBJC_ROOT_CLASS = YES_ERROR;
				CLANG_WARN_RANGE_LOOP_ANALYSIS = YES;
				CLANG_WARN_STRICT_PROTOTYPES = YES;
				CLANG_WARN_SUSPICIOUS_MOVE = YES;
				CLANG_WARN_UNGUARDED_AVAILABILITY = YES_AGGRESSIVE;
				CLANG_WARN_UNREACHABLE_CODE = YES;
				CLANG_WARN__DUPLICATE_METHOD_MATCH = YES;
				COPY_PHASE_STRIP = NO;
				DEBUG_INFORMATION_FORMAT = dwarf;
				ENABLE_STRICT_OBJC_MSGSEND = YES;
				ENABLE_TESTABILITY = YES;
				GCC_C_LANGUAGE_STANDARD = gnu11;
				GCC_DYNAMIC_NO_PIC = NO;
				GCC_NO_COMMON_BLOCKS = YES;
				GCC_OPTIMIZATION_LEVEL = 0;
				GCC_PREPROCESSOR_DEFINITIONS = (
					"DEBUG=1",
					"$(inherited)",
				);
				GCC_WARN_64_TO_32_BIT_CONVERSION = YES;
				GCC_WARN_ABOUT_RETURN_TYPE = YES_ERROR;
				GCC_WARN_UNDECLARED_SELECTOR = YES;
				GCC_WARN_UNINITIALIZED_AUTOS = YES_AGGRESSIVE;
				GCC_WARN_UNUSED_FUNCTION = YES;
				GCC_WARN_UNUSED_VARIABLE = YES;
				IPHONEOS_DEPLOYMENT_TARGET = 13.2;
				MTL_ENABLE_DEBUG_INFO = INCLUDE_SOURCE;
				MTL_FAST_MATH = YES;
				ONLY_ACTIVE_ARCH = YES;
				SDKROOT = iphoneos;
				SWIFT_ACTIVE_COMPILATION_CONDITIONS = DEBUG;
				SWIFT_OPTIMIZATION_LEVEL = "-Onone";
			};
			name = Debug;
		};
		B60CC054236CA745007894A0 /* Release */ = {
			isa = XCBuildConfiguration;
			buildSettings = {
				ALWAYS_SEARCH_USER_PATHS = NO;
				CLANG_ANALYZER_NONNULL = YES;
				CLANG_ANALYZER_NUMBER_OBJECT_CONVERSION = YES_AGGRESSIVE;
				CLANG_CXX_LANGUAGE_STANDARD = "gnu++14";
				CLANG_CXX_LIBRARY = "libc++";
				CLANG_ENABLE_MODULES = YES;
				CLANG_ENABLE_OBJC_ARC = YES;
				CLANG_ENABLE_OBJC_WEAK = YES;
				CLANG_WARN_BLOCK_CAPTURE_AUTORELEASING = YES;
				CLANG_WARN_BOOL_CONVERSION = YES;
				CLANG_WARN_COMMA = YES;
				CLANG_WARN_CONSTANT_CONVERSION = YES;
				CLANG_WARN_DEPRECATED_OBJC_IMPLEMENTATIONS = YES;
				CLANG_WARN_DIRECT_OBJC_ISA_USAGE = YES_ERROR;
				CLANG_WARN_DOCUMENTATION_COMMENTS = YES;
				CLANG_WARN_EMPTY_BODY = YES;
				CLANG_WARN_ENUM_CONVERSION = YES;
				CLANG_WARN_INFINITE_RECURSION = YES;
				CLANG_WARN_INT_CONVERSION = YES;
				CLANG_WARN_NON_LITERAL_NULL_CONVERSION = YES;
				CLANG_WARN_OBJC_IMPLICIT_RETAIN_SELF = YES;
				CLANG_WARN_OBJC_LITERAL_CONVERSION = YES;
				CLANG_WARN_OBJC_ROOT_CLASS = YES_ERROR;
				CLANG_WARN_RANGE_LOOP_ANALYSIS = YES;
				CLANG_WARN_STRICT_PROTOTYPES = YES;
				CLANG_WARN_SUSPICIOUS_MOVE = YES;
				CLANG_WARN_UNGUARDED_AVAILABILITY = YES_AGGRESSIVE;
				CLANG_WARN_UNREACHABLE_CODE = YES;
				CLANG_WARN__DUPLICATE_METHOD_MATCH = YES;
				COPY_PHASE_STRIP = NO;
				DEBUG_INFORMATION_FORMAT = "dwarf-with-dsym";
				ENABLE_NS_ASSERTIONS = NO;
				ENABLE_STRICT_OBJC_MSGSEND = YES;
				GCC_C_LANGUAGE_STANDARD = gnu11;
				GCC_NO_COMMON_BLOCKS = YES;
				GCC_WARN_64_TO_32_BIT_CONVERSION = YES;
				GCC_WARN_ABOUT_RETURN_TYPE = YES_ERROR;
				GCC_WARN_UNDECLARED_SELECTOR = YES;
				GCC_WARN_UNINITIALIZED_AUTOS = YES_AGGRESSIVE;
				GCC_WARN_UNUSED_FUNCTION = YES;
				GCC_WARN_UNUSED_VARIABLE = YES;
				IPHONEOS_DEPLOYMENT_TARGET = 13.2;
				MTL_ENABLE_DEBUG_INFO = NO;
				MTL_FAST_MATH = YES;
				SDKROOT = iphoneos;
				SWIFT_COMPILATION_MODE = wholemodule;
				SWIFT_OPTIMIZATION_LEVEL = "-O";
				VALIDATE_PRODUCT = YES;
			};
			name = Release;
		};
		B60CC056236CA745007894A0 /* Debug */ = {
			isa = XCBuildConfiguration;
			buildSettings = {
				ASSETCATALOG_COMPILER_APPICON_NAME = AppIcon;
				CODE_SIGN_STYLE = Automatic;
				DEVELOPMENT_TEAM = U43D64A3HX;
				INFOPLIST_FILE = "Le baluchon/Info.plist";
				IPHONEOS_DEPLOYMENT_TARGET = 13.2;
				LD_RUNPATH_SEARCH_PATHS = (
					"$(inherited)",
					"@executable_path/Frameworks",
				);
				PRODUCT_BUNDLE_IDENTIFIER = "fr.port.frederick.Le-baluchon";
				PRODUCT_NAME = "$(TARGET_NAME)";
				SWIFT_VERSION = 5.0;
				TARGETED_DEVICE_FAMILY = 1;
			};
			name = Debug;
		};
		B60CC057236CA745007894A0 /* Release */ = {
			isa = XCBuildConfiguration;
			buildSettings = {
				ASSETCATALOG_COMPILER_APPICON_NAME = AppIcon;
				CODE_SIGN_STYLE = Automatic;
				DEVELOPMENT_TEAM = U43D64A3HX;
				INFOPLIST_FILE = "Le baluchon/Info.plist";
				IPHONEOS_DEPLOYMENT_TARGET = 13.2;
				LD_RUNPATH_SEARCH_PATHS = (
					"$(inherited)",
					"@executable_path/Frameworks",
				);
				PRODUCT_BUNDLE_IDENTIFIER = "fr.port.frederick.Le-baluchon";
				PRODUCT_NAME = "$(TARGET_NAME)";
				SWIFT_VERSION = 5.0;
				TARGETED_DEVICE_FAMILY = 1;
			};
			name = Release;
		};
/* End XCBuildConfiguration section */

/* Begin XCConfigurationList section */
		B60CC03C236CA744007894A0 /* Build configuration list for PBXProject "Le baluchon" */ = {
			isa = XCConfigurationList;
			buildConfigurations = (
				B60CC053236CA745007894A0 /* Debug */,
				B60CC054236CA745007894A0 /* Release */,
			);
			defaultConfigurationIsVisible = 0;
			defaultConfigurationName = Release;
		};
		B60CC055236CA745007894A0 /* Build configuration list for PBXNativeTarget "Le baluchon" */ = {
			isa = XCConfigurationList;
			buildConfigurations = (
				B60CC056236CA745007894A0 /* Debug */,
				B60CC057236CA745007894A0 /* Release */,
			);
			defaultConfigurationIsVisible = 0;
			defaultConfigurationName = Release;
		};
/* End XCConfigurationList section */
	};
	rootObject = B60CC039236CA744007894A0 /* Project object */;
}
