// !$*UTF8*$!
{
	archiveVersion = 1;
	classes = {
	};
	objectVersion = 50;
	objects = {

/* Begin PBXBuildFile section */
		B60CC045236CA744007894A0 /* AppDelegate.swift in Sources */ = {isa = PBXBuildFile; fileRef = B60CC044236CA744007894A0 /* AppDelegate.swift */; };
		B60CC047236CA744007894A0 /* SceneDelegate.swift in Sources */ = {isa = PBXBuildFile; fileRef = B60CC046236CA744007894A0 /* SceneDelegate.swift */; };
		B60CC04C236CA744007894A0 /* Main.storyboard in Resources */ = {isa = PBXBuildFile; fileRef = B60CC04A236CA744007894A0 /* Main.storyboard */; };
		B60CC04E236CA745007894A0 /* Assets.xcassets in Resources */ = {isa = PBXBuildFile; fileRef = B60CC04D236CA745007894A0 /* Assets.xcassets */; };
		B60CC051236CA745007894A0 /* LaunchScreen.storyboard in Resources */ = {isa = PBXBuildFile; fileRef = B60CC04F236CA745007894A0 /* LaunchScreen.storyboard */; };
		B60CC05A236CA7C1007894A0 /* ConvertViewController.swift in Sources */ = {isa = PBXBuildFile; fileRef = B60CC059236CA7C1007894A0 /* ConvertViewController.swift */; };
		B60CC060236CA8A9007894A0 /* TranslateViewController.swift in Sources */ = {isa = PBXBuildFile; fileRef = B60CC05F236CA8A9007894A0 /* TranslateViewController.swift */; };
		B60CC062236CA912007894A0 /* WeatherViewController.swift in Sources */ = {isa = PBXBuildFile; fileRef = B60CC061236CA912007894A0 /* WeatherViewController.swift */; };
		B60CC064236CA9AC007894A0 /* TranslationAPI.swift in Sources */ = {isa = PBXBuildFile; fileRef = B60CC063236CA9AC007894A0 /* TranslationAPI.swift */; };
		B60CC068236CA9E1007894A0 /* Devises.swift in Sources */ = {isa = PBXBuildFile; fileRef = B60CC067236CA9E1007894A0 /* Devises.swift */; };
		B6105F042377285E00C041B5 /* WeatherApi.swift in Sources */ = {isa = PBXBuildFile; fileRef = B6105F032377285E00C041B5 /* WeatherApi.swift */; };
		B61125FF239A6C2600AAC3B2 /* LanguagesViewController.swift in Sources */ = {isa = PBXBuildFile; fileRef = B61125FE239A6C2600AAC3B2 /* LanguagesViewController.swift */; };
		B6112601239A6C7E00AAC3B2 /* EditorViewController.swift in Sources */ = {isa = PBXBuildFile; fileRef = B6112600239A6C7E00AAC3B2 /* EditorViewController.swift */; };
		B623F4392399201800867A9B /* TranslateService.swift in Sources */ = {isa = PBXBuildFile; fileRef = B623F4382399201800867A9B /* TranslateService.swift */; };
		B6412A4B239699E500074D89 /* ExtensionUIImageView.swift in Sources */ = {isa = PBXBuildFile; fileRef = B6412A4A239699E500074D89 /* ExtensionUIImageView.swift */; };
		B6412A4F2396B6C900074D89 /* Weather.json in Resources */ = {isa = PBXBuildFile; fileRef = B6412A4E2396B6C900074D89 /* Weather.json */; };
		B6412A522396BD7A00074D89 /* UIViewControllerExtension.swift in Sources */ = {isa = PBXBuildFile; fileRef = B6412A512396BD7A00074D89 /* UIViewControllerExtension.swift */; };
		B658452123A3AAF80057B1CC /* TranslateServiceTestCase.swift in Sources */ = {isa = PBXBuildFile; fileRef = B658452023A3AAF80057B1CC /* TranslateServiceTestCase.swift */; };
		B658452323A3AEB90057B1CC /* TranslateDetection.json in Resources */ = {isa = PBXBuildFile; fileRef = B658452223A3AEB90057B1CC /* TranslateDetection.json */; };
		B680648323799979007F72B4 /* DeviseService.swift in Sources */ = {isa = PBXBuildFile; fileRef = B680648223799979007F72B4 /* DeviseService.swift */; };
		B681D583239E55B700457039 /* GenericClass.swift in Sources */ = {isa = PBXBuildFile; fileRef = B681D582239E55B700457039 /* GenericClass.swift */; };
		B6AC31872389962700D5C272 /* NetWorkError.swift in Sources */ = {isa = PBXBuildFile; fileRef = B6AC31862389962700D5C272 /* NetWorkError.swift */; };
		B6AC318A2389988B00D5C272 /* DevisesTestCase.swift in Sources */ = {isa = PBXBuildFile; fileRef = B6AC31892389988B00D5C272 /* DevisesTestCase.swift */; };
		B6AC6C792389326A00175298 /* DeviseServiceTestCase.swift in Sources */ = {isa = PBXBuildFile; fileRef = B6AC6C782389326A00175298 /* DeviseServiceTestCase.swift */; };
		B6AC6C7B238932DE00175298 /* Convert.json in Resources */ = {isa = PBXBuildFile; fileRef = B6AC6C7A238932DE00175298 /* Convert.json */; };
		B6AC6C7D2389330700175298 /* FakeResponseData.swift in Sources */ = {isa = PBXBuildFile; fileRef = B6AC6C7C2389330700175298 /* FakeResponseData.swift */; };
		B6AC6C7F2389347C00175298 /* URLSessionFake.swift in Sources */ = {isa = PBXBuildFile; fileRef = B6AC6C7E2389347C00175298 /* URLSessionFake.swift */; };
		B6CC47CC238AEDB2000BF1DA /* ApiKeys.plist in Resources */ = {isa = PBXBuildFile; fileRef = B6CC47CB238AEDB2000BF1DA /* ApiKeys.plist */; };
		B6CC47CE238AEF19000BF1DA /* ApiKeys.swift in Sources */ = {isa = PBXBuildFile; fileRef = B6CC47CD238AEF19000BF1DA /* ApiKeys.swift */; };
		B6F3DB9823A0FD4A006A2E7B /* NightStillComes.otf in Resources */ = {isa = PBXBuildFile; fileRef = B6F3DB9723A0FD4A006A2E7B /* NightStillComes.otf */; };
		B6F3DB9A23A0FD64006A2E7B /* NightStillComes_bold.otf in Resources */ = {isa = PBXBuildFile; fileRef = B6F3DB9923A0FD64006A2E7B /* NightStillComes_bold.otf */; };
		B6F3DB9C23A0FD7A006A2E7B /* NightStillComes_italic.otf in Resources */ = {isa = PBXBuildFile; fileRef = B6F3DB9B23A0FD7A006A2E7B /* NightStillComes_italic.otf */; };
		B6FD74B7238D9421005D7F87 /* WeatherService.swift in Sources */ = {isa = PBXBuildFile; fileRef = B6FD74B6238D9421005D7F87 /* WeatherService.swift */; };
		B6FD74BE238DA45C005D7F87 /* WeatherServiceTestCase.swift in Sources */ = {isa = PBXBuildFile; fileRef = B6FD74BD238DA45C005D7F87 /* WeatherServiceTestCase.swift */; };
/* End PBXBuildFile section */

/* Begin PBXContainerItemProxy section */
		B6AC6C73238931F700175298 /* PBXContainerItemProxy */ = {
			isa = PBXContainerItemProxy;
			containerPortal = B60CC039236CA744007894A0 /* Project object */;
			proxyType = 1;
			remoteGlobalIDString = B60CC040236CA744007894A0;
			remoteInfo = "Le baluchon";
		};
/* End PBXContainerItemProxy section */

/* Begin PBXFileReference section */
		B60CC041236CA744007894A0 /* Le baluchon.app */ = {isa = PBXFileReference; explicitFileType = wrapper.application; includeInIndex = 0; path = "Le baluchon.app"; sourceTree = BUILT_PRODUCTS_DIR; };
		B60CC044236CA744007894A0 /* AppDelegate.swift */ = {isa = PBXFileReference; lastKnownFileType = sourcecode.swift; path = AppDelegate.swift; sourceTree = "<group>"; };
		B60CC046236CA744007894A0 /* SceneDelegate.swift */ = {isa = PBXFileReference; lastKnownFileType = sourcecode.swift; path = SceneDelegate.swift; sourceTree = "<group>"; };
		B60CC04B236CA744007894A0 /* Base */ = {isa = PBXFileReference; lastKnownFileType = file.storyboard; name = Base; path = Base.lproj/Main.storyboard; sourceTree = "<group>"; };
		B60CC04D236CA745007894A0 /* Assets.xcassets */ = {isa = PBXFileReference; lastKnownFileType = folder.assetcatalog; path = Assets.xcassets; sourceTree = "<group>"; };
		B60CC050236CA745007894A0 /* Base */ = {isa = PBXFileReference; lastKnownFileType = file.storyboard; name = Base; path = Base.lproj/LaunchScreen.storyboard; sourceTree = "<group>"; };
		B60CC052236CA745007894A0 /* Info.plist */ = {isa = PBXFileReference; lastKnownFileType = text.plist.xml; path = Info.plist; sourceTree = "<group>"; };
		B60CC059236CA7C1007894A0 /* ConvertViewController.swift */ = {isa = PBXFileReference; lastKnownFileType = sourcecode.swift; path = ConvertViewController.swift; sourceTree = "<group>"; };
		B60CC05F236CA8A9007894A0 /* TranslateViewController.swift */ = {isa = PBXFileReference; lastKnownFileType = sourcecode.swift; path = TranslateViewController.swift; sourceTree = "<group>"; };
		B60CC061236CA912007894A0 /* WeatherViewController.swift */ = {isa = PBXFileReference; lastKnownFileType = sourcecode.swift; path = WeatherViewController.swift; sourceTree = "<group>"; };
		B60CC063236CA9AC007894A0 /* TranslationAPI.swift */ = {isa = PBXFileReference; lastKnownFileType = sourcecode.swift; path = TranslationAPI.swift; sourceTree = "<group>"; };
		B60CC067236CA9E1007894A0 /* Devises.swift */ = {isa = PBXFileReference; lastKnownFileType = sourcecode.swift; path = Devises.swift; sourceTree = "<group>"; };
		B6105F032377285E00C041B5 /* WeatherApi.swift */ = {isa = PBXFileReference; lastKnownFileType = sourcecode.swift; path = WeatherApi.swift; sourceTree = "<group>"; };
		B61125FE239A6C2600AAC3B2 /* LanguagesViewController.swift */ = {isa = PBXFileReference; lastKnownFileType = sourcecode.swift; path = LanguagesViewController.swift; sourceTree = "<group>"; };
		B6112600239A6C7E00AAC3B2 /* EditorViewController.swift */ = {isa = PBXFileReference; lastKnownFileType = sourcecode.swift; path = EditorViewController.swift; sourceTree = "<group>"; };
		B623F4382399201800867A9B /* TranslateService.swift */ = {isa = PBXFileReference; lastKnownFileType = sourcecode.swift; path = TranslateService.swift; sourceTree = "<group>"; };
		B6412A4A239699E500074D89 /* ExtensionUIImageView.swift */ = {isa = PBXFileReference; lastKnownFileType = sourcecode.swift; path = ExtensionUIImageView.swift; sourceTree = "<group>"; };
		B6412A4E2396B6C900074D89 /* Weather.json */ = {isa = PBXFileReference; lastKnownFileType = text.json; path = Weather.json; sourceTree = "<group>"; };
		B6412A512396BD7A00074D89 /* UIViewControllerExtension.swift */ = {isa = PBXFileReference; lastKnownFileType = sourcecode.swift; path = UIViewControllerExtension.swift; sourceTree = "<group>"; };
		B658452023A3AAF80057B1CC /* TranslateServiceTestCase.swift */ = {isa = PBXFileReference; lastKnownFileType = sourcecode.swift; path = TranslateServiceTestCase.swift; sourceTree = "<group>"; };
		B658452223A3AEB90057B1CC /* TranslateDetection.json */ = {isa = PBXFileReference; lastKnownFileType = text.json; path = TranslateDetection.json; sourceTree = "<group>"; };
		B680648223799979007F72B4 /* DeviseService.swift */ = {isa = PBXFileReference; lastKnownFileType = sourcecode.swift; path = DeviseService.swift; sourceTree = "<group>"; };
		B681D582239E55B700457039 /* GenericClass.swift */ = {isa = PBXFileReference; lastKnownFileType = sourcecode.swift; path = GenericClass.swift; sourceTree = "<group>"; };
		B6A5E2FD2397F3BB00AE7440 /* fr */ = {isa = PBXFileReference; lastKnownFileType = text.plist.strings; name = fr; path = fr.lproj/LaunchScreen.strings; sourceTree = "<group>"; };
		B6A5E2FE2397F3BC00AE7440 /* fr */ = {isa = PBXFileReference; lastKnownFileType = text.plist.strings; name = fr; path = fr.lproj/Main.strings; sourceTree = "<group>"; };
		B6AC31862389962700D5C272 /* NetWorkError.swift */ = {isa = PBXFileReference; lastKnownFileType = sourcecode.swift; path = NetWorkError.swift; sourceTree = "<group>"; };
		B6AC31892389988B00D5C272 /* DevisesTestCase.swift */ = {isa = PBXFileReference; lastKnownFileType = sourcecode.swift; path = DevisesTestCase.swift; sourceTree = "<group>"; };
		B6AC6C6E238931F700175298 /* LebaluchonTests.xctest */ = {isa = PBXFileReference; explicitFileType = wrapper.cfbundle; includeInIndex = 0; path = LebaluchonTests.xctest; sourceTree = BUILT_PRODUCTS_DIR; };
		B6AC6C72238931F700175298 /* Info.plist */ = {isa = PBXFileReference; lastKnownFileType = text.plist.xml; path = Info.plist; sourceTree = "<group>"; };
		B6AC6C782389326A00175298 /* DeviseServiceTestCase.swift */ = {isa = PBXFileReference; lastKnownFileType = sourcecode.swift; path = DeviseServiceTestCase.swift; sourceTree = "<group>"; };
		B6AC6C7A238932DE00175298 /* Convert.json */ = {isa = PBXFileReference; lastKnownFileType = text.json; path = Convert.json; sourceTree = "<group>"; };
		B6AC6C7C2389330700175298 /* FakeResponseData.swift */ = {isa = PBXFileReference; lastKnownFileType = sourcecode.swift; path = FakeResponseData.swift; sourceTree = "<group>"; };
		B6AC6C7E2389347C00175298 /* URLSessionFake.swift */ = {isa = PBXFileReference; lastKnownFileType = sourcecode.swift; path = URLSessionFake.swift; sourceTree = "<group>"; };
		B6CC47CB238AEDB2000BF1DA /* ApiKeys.plist */ = {isa = PBXFileReference; lastKnownFileType = text.plist; path = ApiKeys.plist; sourceTree = SOURCE_ROOT; };
		B6CC47CD238AEF19000BF1DA /* ApiKeys.swift */ = {isa = PBXFileReference; lastKnownFileType = sourcecode.swift; path = ApiKeys.swift; sourceTree = "<group>"; };
		B6F3DB9723A0FD4A006A2E7B /* NightStillComes.otf */ = {isa = PBXFileReference; lastKnownFileType = file; path = NightStillComes.otf; sourceTree = "<group>"; };
		B6F3DB9923A0FD64006A2E7B /* NightStillComes_bold.otf */ = {isa = PBXFileReference; lastKnownFileType = file; path = NightStillComes_bold.otf; sourceTree = "<group>"; };
		B6F3DB9B23A0FD7A006A2E7B /* NightStillComes_italic.otf */ = {isa = PBXFileReference; lastKnownFileType = file; path = NightStillComes_italic.otf; sourceTree = "<group>"; };
		B6FD74B6238D9421005D7F87 /* WeatherService.swift */ = {isa = PBXFileReference; lastKnownFileType = sourcecode.swift; path = WeatherService.swift; sourceTree = "<group>"; };
		B6FD74BD238DA45C005D7F87 /* WeatherServiceTestCase.swift */ = {isa = PBXFileReference; lastKnownFileType = sourcecode.swift; path = WeatherServiceTestCase.swift; sourceTree = "<group>"; };
/* End PBXFileReference section */

/* Begin PBXFrameworksBuildPhase section */
		B60CC03E236CA744007894A0 /* Frameworks */ = {
			isa = PBXFrameworksBuildPhase;
			buildActionMask = 2147483647;
			files = (
			);
			runOnlyForDeploymentPostprocessing = 0;
		};
		B6AC6C6B238931F700175298 /* Frameworks */ = {
			isa = PBXFrameworksBuildPhase;
			buildActionMask = 2147483647;
			files = (
			);
			runOnlyForDeploymentPostprocessing = 0;
		};
/* End PBXFrameworksBuildPhase section */

/* Begin PBXGroup section */
		B60CC038236CA744007894A0 = {
			isa = PBXGroup;
			children = (
				B60CC043236CA744007894A0 /* Le baluchon */,
				B6AC6C6F238931F700175298 /* LebaluchonTests */,
				B60CC042236CA744007894A0 /* Products */,
			);
			sourceTree = "<group>";
		};
		B60CC042236CA744007894A0 /* Products */ = {
			isa = PBXGroup;
			children = (
				B60CC041236CA744007894A0 /* Le baluchon.app */,
				B6AC6C6E238931F700175298 /* LebaluchonTests.xctest */,
			);
			name = Products;
			sourceTree = "<group>";
		};
		B60CC043236CA744007894A0 /* Le baluchon */ = {
			isa = PBXGroup;
			children = (
				B6412A502396BC2600074D89 /* Extension */,
				B60CC05E236CA853007894A0 /* Supporting Files */,
				B60CC05D236CA844007894A0 /* Modele */,
				B60CC05B236CA82E007894A0 /* View */,
				B60CC058236CA7A8007894A0 /* Controller */,
				B60CC052236CA745007894A0 /* Info.plist */,
				B6CC47CB238AEDB2000BF1DA /* ApiKeys.plist */,
				B6CC47CD238AEF19000BF1DA /* ApiKeys.swift */,
			);
			path = "Le baluchon";
			sourceTree = "<group>";
		};
		B60CC058236CA7A8007894A0 /* Controller */ = {
			isa = PBXGroup;
			children = (
				B6E5FD7D239D8EB400181AFA /* Translate */,
				B60CC059236CA7C1007894A0 /* ConvertViewController.swift */,
				B60CC061236CA912007894A0 /* WeatherViewController.swift */,
			);
			path = Controller;
			sourceTree = "<group>";
		};
		B60CC05B236CA82E007894A0 /* View */ = {
			isa = PBXGroup;
			children = (
				B60CC04F236CA745007894A0 /* LaunchScreen.storyboard */,
				B60CC04A236CA744007894A0 /* Main.storyboard */,
			);
			path = View;
			sourceTree = "<group>";
		};
		B60CC05D236CA844007894A0 /* Modele */ = {
			isa = PBXGroup;
			children = (
				B68064862379A5E0007F72B4 /* Services */,
				B60CC063236CA9AC007894A0 /* TranslationAPI.swift */,
				B60CC067236CA9E1007894A0 /* Devises.swift */,
				B6105F032377285E00C041B5 /* WeatherApi.swift */,
				B6AC31862389962700D5C272 /* NetWorkError.swift */,
				B681D582239E55B700457039 /* GenericClass.swift */,
			);
			path = Modele;
			sourceTree = "<group>";
		};
		B60CC05E236CA853007894A0 /* Supporting Files */ = {
			isa = PBXGroup;
			children = (
				B6F3DB9723A0FD4A006A2E7B /* NightStillComes.otf */,
				B6F3DB9923A0FD64006A2E7B /* NightStillComes_bold.otf */,
				B6F3DB9B23A0FD7A006A2E7B /* NightStillComes_italic.otf */,
				B60CC046236CA744007894A0 /* SceneDelegate.swift */,
				B60CC044236CA744007894A0 /* AppDelegate.swift */,
				B60CC04D236CA745007894A0 /* Assets.xcassets */,
			);
			path = "Supporting Files";
			sourceTree = "<group>";
		};
		B6412A502396BC2600074D89 /* Extension */ = {
			isa = PBXGroup;
			children = (
				B6412A4A239699E500074D89 /* ExtensionUIImageView.swift */,
				B6412A512396BD7A00074D89 /* UIViewControllerExtension.swift */,
			);
			path = Extension;
			sourceTree = "<group>";
		};
		B658451F23A3AAAC0057B1CC /* TranslateTests */ = {
			isa = PBXGroup;
			children = (
				B658452023A3AAF80057B1CC /* TranslateServiceTestCase.swift */,
				B658452223A3AEB90057B1CC /* TranslateDetection.json */,
			);
			path = TranslateTests;
			sourceTree = "<group>";
		};
		B68064862379A5E0007F72B4 /* Services */ = {
			isa = PBXGroup;
			children = (
				B680648223799979007F72B4 /* DeviseService.swift */,
				B6FD74B6238D9421005D7F87 /* WeatherService.swift */,
				B623F4382399201800867A9B /* TranslateService.swift */,
			);
			path = Services;
			sourceTree = "<group>";
		};
		B6AC31882389965D00D5C272 /* ConvertTests */ = {
			isa = PBXGroup;
			children = (
				B6AC6C782389326A00175298 /* DeviseServiceTestCase.swift */,
				B6AC6C7A238932DE00175298 /* Convert.json */,
				B6AC31892389988B00D5C272 /* DevisesTestCase.swift */,
			);
			path = ConvertTests;
			sourceTree = "<group>";
		};
		B6AC6C6F238931F700175298 /* LebaluchonTests */ = {
			isa = PBXGroup;
			children = (
				B6AC6C7E2389347C00175298 /* URLSessionFake.swift */,
				B6AC6C7C2389330700175298 /* FakeResponseData.swift */,
				B658451F23A3AAAC0057B1CC /* TranslateTests */,
				B6FD74B8238DA336005D7F87 /* WeatherTests */,
				B6AC31882389965D00D5C272 /* ConvertTests */,
				B6AC6C72238931F700175298 /* Info.plist */,
			);
			path = LebaluchonTests;
			sourceTree = "<group>";
		};
		B6E5FD7D239D8EB400181AFA /* Translate */ = {
			isa = PBXGroup;
			children = (
				B6112600239A6C7E00AAC3B2 /* EditorViewController.swift */,
				B61125FE239A6C2600AAC3B2 /* LanguagesViewController.swift */,
				B60CC05F236CA8A9007894A0 /* TranslateViewController.swift */,
			);
			path = Translate;
			sourceTree = "<group>";
		};
		B6FD74B8238DA336005D7F87 /* WeatherTests */ = {
			isa = PBXGroup;
			children = (
				B6FD74BD238DA45C005D7F87 /* WeatherServiceTestCase.swift */,
				B6412A4E2396B6C900074D89 /* Weather.json */,
			);
			path = WeatherTests;
			sourceTree = "<group>";
		};
/* End PBXGroup section */

/* Begin PBXNativeTarget section */
		B60CC040236CA744007894A0 /* Le baluchon */ = {
			isa = PBXNativeTarget;
			buildConfigurationList = B60CC055236CA745007894A0 /* Build configuration list for PBXNativeTarget "Le baluchon" */;
			buildPhases = (
				B60CC03D236CA744007894A0 /* Sources */,
				B60CC03E236CA744007894A0 /* Frameworks */,
				B60CC03F236CA744007894A0 /* Resources */,
			);
			buildRules = (
			);
			dependencies = (
			);
			name = "Le baluchon";
			productName = "Le baluchon";
			productReference = B60CC041236CA744007894A0 /* Le baluchon.app */;
			productType = "com.apple.product-type.application";
		};
		B6AC6C6D238931F700175298 /* LebaluchonTests */ = {
			isa = PBXNativeTarget;
			buildConfigurationList = B6AC6C77238931F800175298 /* Build configuration list for PBXNativeTarget "LebaluchonTests" */;
			buildPhases = (
				B6AC6C6A238931F700175298 /* Sources */,
				B6AC6C6B238931F700175298 /* Frameworks */,
				B6AC6C6C238931F700175298 /* Resources */,
			);
			buildRules = (
			);
			dependencies = (
				B6AC6C74238931F700175298 /* PBXTargetDependency */,
			);
			name = LebaluchonTests;
			productName = LebaluchonTests;
			productReference = B6AC6C6E238931F700175298 /* LebaluchonTests.xctest */;
			productType = "com.apple.product-type.bundle.unit-test";
		};
/* End PBXNativeTarget section */

/* Begin PBXProject section */
		B60CC039236CA744007894A0 /* Project object */ = {
			isa = PBXProject;
			attributes = {
				LastSwiftUpdateCheck = 1120;
				LastUpgradeCheck = 1120;
				ORGANIZATIONNAME = "Frederick Port";
				TargetAttributes = {
					B60CC040236CA744007894A0 = {
						CreatedOnToolsVersion = 11.2;
					};
					B6AC6C6D238931F700175298 = {
						CreatedOnToolsVersion = 11.2.1;
						LastSwiftMigration = 1120;
						TestTargetID = B60CC040236CA744007894A0;
					};
				};
			};
			buildConfigurationList = B60CC03C236CA744007894A0 /* Build configuration list for PBXProject "Le baluchon" */;
			compatibilityVersion = "Xcode 9.3";
			developmentRegion = en;
			hasScannedForEncodings = 0;
			knownRegions = (
				en,
				Base,
				fr,
			);
			mainGroup = B60CC038236CA744007894A0;
			productRefGroup = B60CC042236CA744007894A0 /* Products */;
			projectDirPath = "";
			projectRoot = "";
			targets = (
				B60CC040236CA744007894A0 /* Le baluchon */,
				B6AC6C6D238931F700175298 /* LebaluchonTests */,
			);
		};
/* End PBXProject section */

/* Begin PBXResourcesBuildPhase section */
		B60CC03F236CA744007894A0 /* Resources */ = {
			isa = PBXResourcesBuildPhase;
			buildActionMask = 2147483647;
			files = (
				B6F3DB9C23A0FD7A006A2E7B /* NightStillComes_italic.otf in Resources */,
				B60CC051236CA745007894A0 /* LaunchScreen.storyboard in Resources */,
				B6CC47CC238AEDB2000BF1DA /* ApiKeys.plist in Resources */,
				B6F3DB9823A0FD4A006A2E7B /* NightStillComes.otf in Resources */,
				B60CC04E236CA745007894A0 /* Assets.xcassets in Resources */,
				B60CC04C236CA744007894A0 /* Main.storyboard in Resources */,
				B6F3DB9A23A0FD64006A2E7B /* NightStillComes_bold.otf in Resources */,
			);
			runOnlyForDeploymentPostprocessing = 0;
		};
		B6AC6C6C238931F700175298 /* Resources */ = {
			isa = PBXResourcesBuildPhase;
			buildActionMask = 2147483647;
			files = (
				B6412A4F2396B6C900074D89 /* Weather.json in Resources */,
				B6AC6C7B238932DE00175298 /* Convert.json in Resources */,
				B658452323A3AEB90057B1CC /* TranslateDetection.json in Resources */,
			);
			runOnlyForDeploymentPostprocessing = 0;
		};
/* End PBXResourcesBuildPhase section */

/* Begin PBXSourcesBuildPhase section */
		B60CC03D236CA744007894A0 /* Sources */ = {
			isa = PBXSourcesBuildPhase;
			buildActionMask = 2147483647;
			files = (
				B623F4392399201800867A9B /* TranslateService.swift in Sources */,
				B6112601239A6C7E00AAC3B2 /* EditorViewController.swift in Sources */,
				B6105F042377285E00C041B5 /* WeatherApi.swift in Sources */,
				B6CC47CE238AEF19000BF1DA /* ApiKeys.swift in Sources */,
				B6412A522396BD7A00074D89 /* UIViewControllerExtension.swift in Sources */,
				B60CC062236CA912007894A0 /* WeatherViewController.swift in Sources */,
				B60CC05A236CA7C1007894A0 /* ConvertViewController.swift in Sources */,
				B6FD74B7238D9421005D7F87 /* WeatherService.swift in Sources */,
				B60CC064236CA9AC007894A0 /* TranslationAPI.swift in Sources */,
				B60CC060236CA8A9007894A0 /* TranslateViewController.swift in Sources */,
				B6AC31872389962700D5C272 /* NetWorkError.swift in Sources */,
				B60CC045236CA744007894A0 /* AppDelegate.swift in Sources */,
				B681D583239E55B700457039 /* GenericClass.swift in Sources */,
				B61125FF239A6C2600AAC3B2 /* LanguagesViewController.swift in Sources */,
				B6412A4B239699E500074D89 /* ExtensionUIImageView.swift in Sources */,
				B60CC047236CA744007894A0 /* SceneDelegate.swift in Sources */,
				B60CC068236CA9E1007894A0 /* Devises.swift in Sources */,
				B680648323799979007F72B4 /* DeviseService.swift in Sources */,
			);
			runOnlyForDeploymentPostprocessing = 0;
		};
		B6AC6C6A238931F700175298 /* Sources */ = {
			isa = PBXSourcesBuildPhase;
			buildActionMask = 2147483647;
			files = (
				B6AC6C792389326A00175298 /* DeviseServiceTestCase.swift in Sources */,
				B6AC6C7F2389347C00175298 /* URLSessionFake.swift in Sources */,
				B6AC6C7D2389330700175298 /* FakeResponseData.swift in Sources */,
				B6FD74BE238DA45C005D7F87 /* WeatherServiceTestCase.swift in Sources */,
				B658452123A3AAF80057B1CC /* TranslateServiceTestCase.swift in Sources */,
				B6AC318A2389988B00D5C272 /* DevisesTestCase.swift in Sources */,
			);
			runOnlyForDeploymentPostprocessing = 0;
		};
/* End PBXSourcesBuildPhase section */

/* Begin PBXTargetDependency section */
		B6AC6C74238931F700175298 /* PBXTargetDependency */ = {
			isa = PBXTargetDependency;
			target = B60CC040236CA744007894A0 /* Le baluchon */;
			targetProxy = B6AC6C73238931F700175298 /* PBXContainerItemProxy */;
		};
/* End PBXTargetDependency section */

/* Begin PBXVariantGroup section */
		B60CC04A236CA744007894A0 /* Main.storyboard */ = {
			isa = PBXVariantGroup;
			children = (
				B60CC04B236CA744007894A0 /* Base */,
				B6A5E2FE2397F3BC00AE7440 /* fr */,
			);
			name = Main.storyboard;
			sourceTree = "<group>";
		};
		B60CC04F236CA745007894A0 /* LaunchScreen.storyboard */ = {
			isa = PBXVariantGroup;
			children = (
				B60CC050236CA745007894A0 /* Base */,
				B6A5E2FD2397F3BB00AE7440 /* fr */,
			);
			name = LaunchScreen.storyboard;
			sourceTree = "<group>";
		};
/* End PBXVariantGroup section */

/* Begin XCBuildConfiguration section */
		B60CC053236CA745007894A0 /* Debug */ = {
			isa = XCBuildConfiguration;
			buildSettings = {
				ALWAYS_SEARCH_USER_PATHS = NO;
				CLANG_ANALYZER_LOCALIZABILITY_NONLOCALIZED = YES;
				CLANG_ANALYZER_NONNULL = YES;
				CLANG_ANALYZER_NUMBER_OBJECT_CONVERSION = YES_AGGRESSIVE;
				CLANG_CXX_LANGUAGE_STANDARD = "gnu++14";
				CLANG_CXX_LIBRARY = "libc++";
				CLANG_ENABLE_MODULES = YES;
				CLANG_ENABLE_OBJC_ARC = YES;
				CLANG_ENABLE_OBJC_WEAK = YES;
				CLANG_WARN_BLOCK_CAPTURE_AUTORELEASING = YES;
				CLANG_WARN_BOOL_CONVERSION = YES;
				CLANG_WARN_COMMA = YES;
				CLANG_WARN_CONSTANT_CONVERSION = YES;
				CLANG_WARN_DEPRECATED_OBJC_IMPLEMENTATIONS = YES;
				CLANG_WARN_DIRECT_OBJC_ISA_USAGE = YES_ERROR;
				CLANG_WARN_DOCUMENTATION_COMMENTS = YES;
				CLANG_WARN_EMPTY_BODY = YES;
				CLANG_WARN_ENUM_CONVERSION = YES;
				CLANG_WARN_INFINITE_RECURSION = YES;
				CLANG_WARN_INT_CONVERSION = YES;
				CLANG_WARN_NON_LITERAL_NULL_CONVERSION = YES;
				CLANG_WARN_OBJC_IMPLICIT_RETAIN_SELF = YES;
				CLANG_WARN_OBJC_LITERAL_CONVERSION = YES;
				CLANG_WARN_OBJC_ROOT_CLASS = YES_ERROR;
				CLANG_WARN_RANGE_LOOP_ANALYSIS = YES;
				CLANG_WARN_STRICT_PROTOTYPES = YES;
				CLANG_WARN_SUSPICIOUS_MOVE = YES;
				CLANG_WARN_UNGUARDED_AVAILABILITY = YES_AGGRESSIVE;
				CLANG_WARN_UNREACHABLE_CODE = YES;
				CLANG_WARN__DUPLICATE_METHOD_MATCH = YES;
				COPY_PHASE_STRIP = NO;
				DEBUG_INFORMATION_FORMAT = dwarf;
				ENABLE_STRICT_OBJC_MSGSEND = YES;
				ENABLE_TESTABILITY = YES;
				GCC_C_LANGUAGE_STANDARD = gnu11;
				GCC_DYNAMIC_NO_PIC = NO;
				GCC_NO_COMMON_BLOCKS = YES;
				GCC_OPTIMIZATION_LEVEL = 0;
				GCC_PREPROCESSOR_DEFINITIONS = (
					"DEBUG=1",
					"$(inherited)",
				);
				GCC_WARN_64_TO_32_BIT_CONVERSION = YES;
				GCC_WARN_ABOUT_RETURN_TYPE = YES_ERROR;
				GCC_WARN_UNDECLARED_SELECTOR = YES;
				GCC_WARN_UNINITIALIZED_AUTOS = YES_AGGRESSIVE;
				GCC_WARN_UNUSED_FUNCTION = YES;
				GCC_WARN_UNUSED_VARIABLE = YES;
				IPHONEOS_DEPLOYMENT_TARGET = 11.0;
				MTL_ENABLE_DEBUG_INFO = INCLUDE_SOURCE;
				MTL_FAST_MATH = YES;
				ONLY_ACTIVE_ARCH = YES;
				SDKROOT = iphoneos;
				SWIFT_ACTIVE_COMPILATION_CONDITIONS = DEBUG;
				SWIFT_OPTIMIZATION_LEVEL = "-Onone";
			};
			name = Debug;
		};
		B60CC054236CA745007894A0 /* Release */ = {
			isa = XCBuildConfiguration;
			buildSettings = {
				ALWAYS_SEARCH_USER_PATHS = NO;
				CLANG_ANALYZER_LOCALIZABILITY_NONLOCALIZED = YES;
				CLANG_ANALYZER_NONNULL = YES;
				CLANG_ANALYZER_NUMBER_OBJECT_CONVERSION = YES_AGGRESSIVE;
				CLANG_CXX_LANGUAGE_STANDARD = "gnu++14";
				CLANG_CXX_LIBRARY = "libc++";
				CLANG_ENABLE_MODULES = YES;
				CLANG_ENABLE_OBJC_ARC = YES;
				CLANG_ENABLE_OBJC_WEAK = YES;
				CLANG_WARN_BLOCK_CAPTURE_AUTORELEASING = YES;
				CLANG_WARN_BOOL_CONVERSION = YES;
				CLANG_WARN_COMMA = YES;
				CLANG_WARN_CONSTANT_CONVERSION = YES;
				CLANG_WARN_DEPRECATED_OBJC_IMPLEMENTATIONS = YES;
				CLANG_WARN_DIRECT_OBJC_ISA_USAGE = YES_ERROR;
				CLANG_WARN_DOCUMENTATION_COMMENTS = YES;
				CLANG_WARN_EMPTY_BODY = YES;
				CLANG_WARN_ENUM_CONVERSION = YES;
				CLANG_WARN_INFINITE_RECURSION = YES;
				CLANG_WARN_INT_CONVERSION = YES;
				CLANG_WARN_NON_LITERAL_NULL_CONVERSION = YES;
				CLANG_WARN_OBJC_IMPLICIT_RETAIN_SELF = YES;
				CLANG_WARN_OBJC_LITERAL_CONVERSION = YES;
				CLANG_WARN_OBJC_ROOT_CLASS = YES_ERROR;
				CLANG_WARN_RANGE_LOOP_ANALYSIS = YES;
				CLANG_WARN_STRICT_PROTOTYPES = YES;
				CLANG_WARN_SUSPICIOUS_MOVE = YES;
				CLANG_WARN_UNGUARDED_AVAILABILITY = YES_AGGRESSIVE;
				CLANG_WARN_UNREACHABLE_CODE = YES;
				CLANG_WARN__DUPLICATE_METHOD_MATCH = YES;
				COPY_PHASE_STRIP = NO;
				DEBUG_INFORMATION_FORMAT = "dwarf-with-dsym";
				ENABLE_NS_ASSERTIONS = NO;
				ENABLE_STRICT_OBJC_MSGSEND = YES;
				GCC_C_LANGUAGE_STANDARD = gnu11;
				GCC_NO_COMMON_BLOCKS = YES;
				GCC_WARN_64_TO_32_BIT_CONVERSION = YES;
				GCC_WARN_ABOUT_RETURN_TYPE = YES_ERROR;
				GCC_WARN_UNDECLARED_SELECTOR = YES;
				GCC_WARN_UNINITIALIZED_AUTOS = YES_AGGRESSIVE;
				GCC_WARN_UNUSED_FUNCTION = YES;
				GCC_WARN_UNUSED_VARIABLE = YES;
				IPHONEOS_DEPLOYMENT_TARGET = 11.0;
				MTL_ENABLE_DEBUG_INFO = NO;
				MTL_FAST_MATH = YES;
				SDKROOT = iphoneos;
				SWIFT_COMPILATION_MODE = wholemodule;
				SWIFT_OPTIMIZATION_LEVEL = "-O";
				VALIDATE_PRODUCT = YES;
			};
			name = Release;
		};
		B60CC056236CA745007894A0 /* Debug */ = {
			isa = XCBuildConfiguration;
			buildSettings = {
				ASSETCATALOG_COMPILER_APPICON_NAME = AppIcon;
				CODE_SIGN_STYLE = Automatic;
				DEVELOPMENT_TEAM = U43D64A3HX;
				INFOPLIST_FILE = "Le baluchon/Info.plist";
				IPHONEOS_DEPLOYMENT_TARGET = 11.0;
				LD_RUNPATH_SEARCH_PATHS = (
					"$(inherited)",
					"@executable_path/Frameworks",
				);
				PRODUCT_BUNDLE_IDENTIFIER = "fr.port.frederick.Le-baluchon";
				PRODUCT_NAME = "$(TARGET_NAME)";
				SWIFT_VERSION = 5.0;
				TARGETED_DEVICE_FAMILY = 1;
			};
			name = Debug;
		};
		B60CC057236CA745007894A0 /* Release */ = {
			isa = XCBuildConfiguration;
			buildSettings = {
				ASSETCATALOG_COMPILER_APPICON_NAME = AppIcon;
				CODE_SIGN_STYLE = Automatic;
				DEVELOPMENT_TEAM = U43D64A3HX;
				INFOPLIST_FILE = "Le baluchon/Info.plist";
				IPHONEOS_DEPLOYMENT_TARGET = 11.0;
				LD_RUNPATH_SEARCH_PATHS = (
					"$(inherited)",
					"@executable_path/Frameworks",
				);
				PRODUCT_BUNDLE_IDENTIFIER = "fr.port.frederick.Le-baluchon";
				PRODUCT_NAME = "$(TARGET_NAME)";
				SWIFT_VERSION = 5.0;
				TARGETED_DEVICE_FAMILY = 1;
			};
			name = Release;
		};
		B6AC6C75238931F800175298 /* Debug */ = {
			isa = XCBuildConfiguration;
			buildSettings = {
				BUNDLE_LOADER = "$(TEST_HOST)";
				CLANG_ENABLE_MODULES = YES;
				CODE_SIGN_STYLE = Automatic;
				DEVELOPMENT_TEAM = U43D64A3HX;
				INFOPLIST_FILE = LebaluchonTests/Info.plist;
				LD_RUNPATH_SEARCH_PATHS = (
					"$(inherited)",
					"@executable_path/Frameworks",
					"@loader_path/Frameworks",
				);
				PRODUCT_BUNDLE_IDENTIFIER = fr.port.frederick.LebaluchonTests;
				PRODUCT_NAME = "$(TARGET_NAME)";
				SWIFT_OPTIMIZATION_LEVEL = "-Onone";
				SWIFT_VERSION = 5.0;
				TARGETED_DEVICE_FAMILY = "1,2";
				TEST_HOST = "$(BUILT_PRODUCTS_DIR)/Le baluchon.app/Le baluchon";
			};
			name = Debug;
		};
		B6AC6C76238931F800175298 /* Release */ = {
			isa = XCBuildConfiguration;
			buildSettings = {
				BUNDLE_LOADER = "$(TEST_HOST)";
				CLANG_ENABLE_MODULES = YES;
				CODE_SIGN_STYLE = Automatic;
				DEVELOPMENT_TEAM = U43D64A3HX;
				INFOPLIST_FILE = LebaluchonTests/Info.plist;
				LD_RUNPATH_SEARCH_PATHS = (
					"$(inherited)",
					"@executable_path/Frameworks",
					"@loader_path/Frameworks",
				);
				PRODUCT_BUNDLE_IDENTIFIER = fr.port.frederick.LebaluchonTests;
				PRODUCT_NAME = "$(TARGET_NAME)";
				SWIFT_VERSION = 5.0;
				TARGETED_DEVICE_FAMILY = "1,2";
				TEST_HOST = "$(BUILT_PRODUCTS_DIR)/Le baluchon.app/Le baluchon";
			};
			name = Release;
		};
/* End XCBuildConfiguration section */

/* Begin XCConfigurationList section */
		B60CC03C236CA744007894A0 /* Build configuration list for PBXProject "Le baluchon" */ = {
			isa = XCConfigurationList;
			buildConfigurations = (
				B60CC053236CA745007894A0 /* Debug */,
				B60CC054236CA745007894A0 /* Release */,
			);
			defaultConfigurationIsVisible = 0;
			defaultConfigurationName = Release;
		};
		B60CC055236CA745007894A0 /* Build configuration list for PBXNativeTarget "Le baluchon" */ = {
			isa = XCConfigurationList;
			buildConfigurations = (
				B60CC056236CA745007894A0 /* Debug */,
				B60CC057236CA745007894A0 /* Release */,
			);
			defaultConfigurationIsVisible = 0;
			defaultConfigurationName = Release;
		};
		B6AC6C77238931F800175298 /* Build configuration list for PBXNativeTarget "LebaluchonTests" */ = {
			isa = XCConfigurationList;
			buildConfigurations = (
				B6AC6C75238931F800175298 /* Debug */,
				B6AC6C76238931F800175298 /* Release */,
			);
			defaultConfigurationIsVisible = 0;
			defaultConfigurationName = Release;
		};
/* End XCConfigurationList section */
	};
	rootObject = B60CC039236CA744007894A0 /* Project object */;
}
